// !$*UTF8*$!
{
	archiveVersion = 1;
	classes = {
	};
	objectVersion = 56;
	objects = {

/* Begin PBXBuildFile section */
		353E56F62C84F4DA00FA5283 /* OnboardView.swift in Sources */ = {isa = PBXBuildFile; fileRef = 353E56F52C84F4DA00FA5283 /* OnboardView.swift */; };
		353E56FA2C84F6E700FA5283 /* AllowButton.swift in Sources */ = {isa = PBXBuildFile; fileRef = 353E56F92C84F6E700FA5283 /* AllowButton.swift */; };
		355272B42C81E8CE00FDC8DE /* TaskPerfil.swift in Sources */ = {isa = PBXBuildFile; fileRef = 355272B32C81E8CE00FDC8DE /* TaskPerfil.swift */; };
		355272B62C81E96200FDC8DE /* FollowButton.swift in Sources */ = {isa = PBXBuildFile; fileRef = 355272B52C81E96200FDC8DE /* FollowButton.swift */; };
		355272B82C81E9B400FDC8DE /* ChatButton.swift in Sources */ = {isa = PBXBuildFile; fileRef = 355272B72C81E9B400FDC8DE /* ChatButton.swift */; };
		355272BA2C81EB0D00FDC8DE /* FeedGrid.swift in Sources */ = {isa = PBXBuildFile; fileRef = 355272B92C81EB0D00FDC8DE /* FeedGrid.swift */; };
		355272BC2C81EB4800FDC8DE /* PerfilView.swift in Sources */ = {isa = PBXBuildFile; fileRef = 355272BB2C81EB4800FDC8DE /* PerfilView.swift */; };
		355272BE2C81EBE100FDC8DE /* PostView.swift in Sources */ = {isa = PBXBuildFile; fileRef = 355272BD2C81EBE100FDC8DE /* PostView.swift */; };
		355272C02C81EC6500FDC8DE /* UserInfo.swift in Sources */ = {isa = PBXBuildFile; fileRef = 355272BF2C81EC6500FDC8DE /* UserInfo.swift */; };
		35E20FEC2C83BD4400029E48 /* LoginViewUI.swift in Sources */ = {isa = PBXBuildFile; fileRef = 35E20FEB2C83BD4400029E48 /* LoginViewUI.swift */; };
		35F487AA2C83556600B6E1FC /* LogoutButton.swift in Sources */ = {isa = PBXBuildFile; fileRef = 35F487A92C83556600B6E1FC /* LogoutButton.swift */; };
		35F487AC2C8364F800B6E1FC /* WelcomeAnimation.swift in Sources */ = {isa = PBXBuildFile; fileRef = 35F487AB2C8364F800B6E1FC /* WelcomeAnimation.swift */; };
		35F487AE2C8392B800B6E1FC /* ContinueButton.swift in Sources */ = {isa = PBXBuildFile; fileRef = 35F487AD2C8392B800B6E1FC /* ContinueButton.swift */; };
		4C2B0E782C7FC5DA005F124B /* User.swift in Sources */ = {isa = PBXBuildFile; fileRef = 4C2B0E772C7FC5DA005F124B /* User.swift */; };
		4C5D281F2C809C7000EA797F /* Session.swift in Sources */ = {isa = PBXBuildFile; fileRef = 4C5D281E2C809C7000EA797F /* Session.swift */; };
		4C5D28212C809C8400EA797F /* UserCreate.swift in Sources */ = {isa = PBXBuildFile; fileRef = 4C5D28202C809C8400EA797F /* UserCreate.swift */; };
		4C5DC9F92C7CB41F00F68D9F /* APIService.swift in Sources */ = {isa = PBXBuildFile; fileRef = 4C5DC9F82C7CB41F00F68D9F /* APIService.swift */; };
		4C5DC9FB2C7CB45B00F68D9F /* AuthServices.swift in Sources */ = {isa = PBXBuildFile; fileRef = 4C5DC9FA2C7CB45B00F68D9F /* AuthServices.swift */; };
		4C5DC9FF2C7CB4DA00F68D9F /* NetworkError.swift in Sources */ = {isa = PBXBuildFile; fileRef = 4C5DC9FE2C7CB4DA00F68D9F /* NetworkError.swift */; };
		4C5DCA072C7CB5C700F68D9F /* keychainManager.swift in Sources */ = {isa = PBXBuildFile; fileRef = 4C5DCA062C7CB5C700F68D9F /* keychainManager.swift */; };
		4C5DCA0C2C7CC97D00F68D9F /* CustomButton.swift in Sources */ = {isa = PBXBuildFile; fileRef = 4C5DCA0B2C7CC97D00F68D9F /* CustomButton.swift */; };
		4C5DCA102C7CCA5C00F68D9F /* CustomTextField.swift in Sources */ = {isa = PBXBuildFile; fileRef = 4C5DCA0F2C7CCA5C00F68D9F /* CustomTextField.swift */; };
		4C6E17362C7EA5790044A4BF /* AuthViewModel.swift in Sources */ = {isa = PBXBuildFile; fileRef = 4C6E17352C7EA5790044A4BF /* AuthViewModel.swift */; };
		4C6E17382C7EA61D0044A4BF /* APIError.swift in Sources */ = {isa = PBXBuildFile; fileRef = 4C6E17372C7EA61D0044A4BF /* APIError.swift */; };
		4CFD0E462C77744D00F793B9 /* TesteAPIApp.swift in Sources */ = {isa = PBXBuildFile; fileRef = 4CFD0E452C77744D00F793B9 /* TesteAPIApp.swift */; };
		4CFD0E482C77744D00F793B9 /* ContentView.swift in Sources */ = {isa = PBXBuildFile; fileRef = 4CFD0E472C77744D00F793B9 /* ContentView.swift */; };
		4CFD0E4A2C77744E00F793B9 /* Assets.xcassets in Resources */ = {isa = PBXBuildFile; fileRef = 4CFD0E492C77744E00F793B9 /* Assets.xcassets */; };
		4CFD0E4D2C77744E00F793B9 /* Preview Assets.xcassets in Resources */ = {isa = PBXBuildFile; fileRef = 4CFD0E4C2C77744E00F793B9 /* Preview Assets.xcassets */; };
		4CFD0E6E2C77B5C200F793B9 /* HomeView.swift in Sources */ = {isa = PBXBuildFile; fileRef = 4CFD0E6D2C77B5C200F793B9 /* HomeView.swift */; };
		4CFD0E742C77C22A00F793B9 /* SignupView.swift in Sources */ = {isa = PBXBuildFile; fileRef = 4CFD0E732C77C22A00F793B9 /* SignupView.swift */; };
/* End PBXBuildFile section */

/* Begin PBXFileReference section */
		353E56F52C84F4DA00FA5283 /* OnboardView.swift */ = {isa = PBXFileReference; lastKnownFileType = sourcecode.swift; path = OnboardView.swift; sourceTree = "<group>"; };
		353E56F92C84F6E700FA5283 /* AllowButton.swift */ = {isa = PBXFileReference; lastKnownFileType = sourcecode.swift; path = AllowButton.swift; sourceTree = "<group>"; };
		355272B32C81E8CE00FDC8DE /* TaskPerfil.swift */ = {isa = PBXFileReference; lastKnownFileType = sourcecode.swift; path = TaskPerfil.swift; sourceTree = "<group>"; };
		355272B52C81E96200FDC8DE /* FollowButton.swift */ = {isa = PBXFileReference; lastKnownFileType = sourcecode.swift; path = FollowButton.swift; sourceTree = "<group>"; };
		355272B72C81E9B400FDC8DE /* ChatButton.swift */ = {isa = PBXFileReference; lastKnownFileType = sourcecode.swift; path = ChatButton.swift; sourceTree = "<group>"; };
		355272B92C81EB0D00FDC8DE /* FeedGrid.swift */ = {isa = PBXFileReference; lastKnownFileType = sourcecode.swift; path = FeedGrid.swift; sourceTree = "<group>"; };
		355272BB2C81EB4800FDC8DE /* PerfilView.swift */ = {isa = PBXFileReference; lastKnownFileType = sourcecode.swift; path = PerfilView.swift; sourceTree = "<group>"; };
		355272BD2C81EBE100FDC8DE /* PostView.swift */ = {isa = PBXFileReference; lastKnownFileType = sourcecode.swift; path = PostView.swift; sourceTree = "<group>"; };
		355272BF2C81EC6500FDC8DE /* UserInfo.swift */ = {isa = PBXFileReference; lastKnownFileType = sourcecode.swift; path = UserInfo.swift; sourceTree = "<group>"; };
		35E20FEB2C83BD4400029E48 /* LoginViewUI.swift */ = {isa = PBXFileReference; lastKnownFileType = sourcecode.swift; path = LoginViewUI.swift; sourceTree = "<group>"; };
		35F487A92C83556600B6E1FC /* LogoutButton.swift */ = {isa = PBXFileReference; lastKnownFileType = sourcecode.swift; path = LogoutButton.swift; sourceTree = "<group>"; };
		35F487AB2C8364F800B6E1FC /* WelcomeAnimation.swift */ = {isa = PBXFileReference; lastKnownFileType = sourcecode.swift; path = WelcomeAnimation.swift; sourceTree = "<group>"; };
		35F487AD2C8392B800B6E1FC /* ContinueButton.swift */ = {isa = PBXFileReference; lastKnownFileType = sourcecode.swift; path = ContinueButton.swift; sourceTree = "<group>"; };
		4C2B0E772C7FC5DA005F124B /* User.swift */ = {isa = PBXFileReference; lastKnownFileType = sourcecode.swift; path = User.swift; sourceTree = "<group>"; };
		4C5D281E2C809C7000EA797F /* Session.swift */ = {isa = PBXFileReference; lastKnownFileType = sourcecode.swift; path = Session.swift; sourceTree = "<group>"; };
		4C5D28202C809C8400EA797F /* UserCreate.swift */ = {isa = PBXFileReference; lastKnownFileType = sourcecode.swift; path = UserCreate.swift; sourceTree = "<group>"; };
		4C5DC9F82C7CB41F00F68D9F /* APIService.swift */ = {isa = PBXFileReference; lastKnownFileType = sourcecode.swift; path = APIService.swift; sourceTree = "<group>"; };
		4C5DC9FA2C7CB45B00F68D9F /* AuthServices.swift */ = {isa = PBXFileReference; lastKnownFileType = sourcecode.swift; path = AuthServices.swift; sourceTree = "<group>"; };
		4C5DC9FE2C7CB4DA00F68D9F /* NetworkError.swift */ = {isa = PBXFileReference; lastKnownFileType = sourcecode.swift; path = NetworkError.swift; sourceTree = "<group>"; };
		4C5DCA062C7CB5C700F68D9F /* keychainManager.swift */ = {isa = PBXFileReference; lastKnownFileType = sourcecode.swift; path = keychainManager.swift; sourceTree = "<group>"; };
		4C5DCA0B2C7CC97D00F68D9F /* CustomButton.swift */ = {isa = PBXFileReference; lastKnownFileType = sourcecode.swift; path = CustomButton.swift; sourceTree = "<group>"; };
		4C5DCA0F2C7CCA5C00F68D9F /* CustomTextField.swift */ = {isa = PBXFileReference; lastKnownFileType = sourcecode.swift; path = CustomTextField.swift; sourceTree = "<group>"; };
		4C6E17352C7EA5790044A4BF /* AuthViewModel.swift */ = {isa = PBXFileReference; lastKnownFileType = sourcecode.swift; path = AuthViewModel.swift; sourceTree = "<group>"; };
		4C6E17372C7EA61D0044A4BF /* APIError.swift */ = {isa = PBXFileReference; lastKnownFileType = sourcecode.swift; path = APIError.swift; sourceTree = "<group>"; };
		4CFD0E422C77744D00F793B9 /* TesteAPI.app */ = {isa = PBXFileReference; explicitFileType = wrapper.application; includeInIndex = 0; path = TesteAPI.app; sourceTree = BUILT_PRODUCTS_DIR; };
		4CFD0E452C77744D00F793B9 /* TesteAPIApp.swift */ = {isa = PBXFileReference; lastKnownFileType = sourcecode.swift; path = TesteAPIApp.swift; sourceTree = "<group>"; };
		4CFD0E472C77744D00F793B9 /* ContentView.swift */ = {isa = PBXFileReference; lastKnownFileType = sourcecode.swift; path = ContentView.swift; sourceTree = "<group>"; };
		4CFD0E492C77744E00F793B9 /* Assets.xcassets */ = {isa = PBXFileReference; lastKnownFileType = folder.assetcatalog; path = Assets.xcassets; sourceTree = "<group>"; };
		4CFD0E4C2C77744E00F793B9 /* Preview Assets.xcassets */ = {isa = PBXFileReference; lastKnownFileType = folder.assetcatalog; path = "Preview Assets.xcassets"; sourceTree = "<group>"; };
		4CFD0E6D2C77B5C200F793B9 /* HomeView.swift */ = {isa = PBXFileReference; lastKnownFileType = sourcecode.swift; path = HomeView.swift; sourceTree = "<group>"; };
		4CFD0E732C77C22A00F793B9 /* SignupView.swift */ = {isa = PBXFileReference; lastKnownFileType = sourcecode.swift; path = SignupView.swift; sourceTree = "<group>"; };
/* End PBXFileReference section */

/* Begin PBXFrameworksBuildPhase section */
		4CFD0E3F2C77744D00F793B9 /* Frameworks */ = {
			isa = PBXFrameworksBuildPhase;
			buildActionMask = 2147483647;
			files = (
			);
			runOnlyForDeploymentPostprocessing = 0;
		};
/* End PBXFrameworksBuildPhase section */

/* Begin PBXGroup section */
		4C5DC9F02C7CB24700F68D9F /* View */ = {
			isa = PBXGroup;
			children = (
				4CFD0E732C77C22A00F793B9 /* SignupView.swift */,
				4CFD0E6D2C77B5C200F793B9 /* HomeView.swift */,
				355272BB2C81EB4800FDC8DE /* PerfilView.swift */,
				35F487AB2C8364F800B6E1FC /* WelcomeAnimation.swift */,
				353E56F52C84F4DA00FA5283 /* OnboardView.swift */,
				35E20FEB2C83BD4400029E48 /* LoginViewUI.swift */,
				355272BD2C81EBE100FDC8DE /* PostView.swift */,
			);
			path = View;
			sourceTree = "<group>";
		};
		4C5DC9F12C7CB2B000F68D9F /* Networking */ = {
			isa = PBXGroup;
			children = (
				4C5DC9FE2C7CB4DA00F68D9F /* NetworkError.swift */,
			);
			path = Networking;
			sourceTree = "<group>";
		};
		4C5DCA022C7CB56800F68D9F /* Utilities */ = {
			isa = PBXGroup;
			children = (
				4C5DCA062C7CB5C700F68D9F /* keychainManager.swift */,
			);
			path = Utilities;
			sourceTree = "<group>";
		};
		4C5DCA082C7CC64300F68D9F /* ComponentesUI */ = {
			isa = PBXGroup;
			children = (
				4C5DCA0B2C7CC97D00F68D9F /* CustomButton.swift */,
				4C5DCA0F2C7CCA5C00F68D9F /* CustomTextField.swift */,
				355272B52C81E96200FDC8DE /* FollowButton.swift */,
				355272B72C81E9B400FDC8DE /* ChatButton.swift */,
				35F487AD2C8392B800B6E1FC /* ContinueButton.swift */,
				353E56F92C84F6E700FA5283 /* AllowButton.swift */,
				35F487A92C83556600B6E1FC /* LogoutButton.swift */,
				355272B92C81EB0D00FDC8DE /* FeedGrid.swift */,
				355272BF2C81EC6500FDC8DE /* UserInfo.swift */,
			);
			path = ComponentesUI;
			sourceTree = "<group>";
		};
		4CFD0E392C77744D00F793B9 = {
			isa = PBXGroup;
			children = (
				4CFD0E442C77744D00F793B9 /* TesteAPI */,
				4CFD0E432C77744D00F793B9 /* Products */,
			);
			sourceTree = "<group>";
		};
		4CFD0E432C77744D00F793B9 /* Products */ = {
			isa = PBXGroup;
			children = (
				4CFD0E422C77744D00F793B9 /* TesteAPI.app */,
			);
			name = Products;
			sourceTree = "<group>";
		};
		4CFD0E442C77744D00F793B9 /* TesteAPI */ = {
			isa = PBXGroup;
			children = (
				4C5DCA082C7CC64300F68D9F /* ComponentesUI */,
				4C5DCA022C7CB56800F68D9F /* Utilities */,
				4CFD0E532C77746D00F793B9 /* Model */,
				4C5DC9F02C7CB24700F68D9F /* View */,
				4CFD0E562C77758B00F793B9 /* ViewModel */,
				4CFD0E592C77791700F793B9 /* Services */,
				4C5DC9F12C7CB2B000F68D9F /* Networking */,
				4CFD0E452C77744D00F793B9 /* TesteAPIApp.swift */,
				4CFD0E472C77744D00F793B9 /* ContentView.swift */,
				355272B32C81E8CE00FDC8DE /* TaskPerfil.swift */,
				4CFD0E492C77744E00F793B9 /* Assets.xcassets */,
				4CFD0E4B2C77744E00F793B9 /* Preview Content */,
			);
			path = TesteAPI;
			sourceTree = "<group>";
		};
		4CFD0E4B2C77744E00F793B9 /* Preview Content */ = {
			isa = PBXGroup;
			children = (
				4CFD0E4C2C77744E00F793B9 /* Preview Assets.xcassets */,
			);
			path = "Preview Content";
			sourceTree = "<group>";
		};
		4CFD0E532C77746D00F793B9 /* Model */ = {
			isa = PBXGroup;
			children = (
				4C2B0E772C7FC5DA005F124B /* User.swift */,
				4C5D281E2C809C7000EA797F /* Session.swift */,
				4C5D28202C809C8400EA797F /* UserCreate.swift */,
			);
			path = Model;
			sourceTree = "<group>";
		};
		4CFD0E562C77758B00F793B9 /* ViewModel */ = {
			isa = PBXGroup;
			children = (
				4C6E17352C7EA5790044A4BF /* AuthViewModel.swift */,
			);
			path = ViewModel;
			sourceTree = "<group>";
		};
		4CFD0E592C77791700F793B9 /* Services */ = {
			isa = PBXGroup;
			children = (
				4C5DC9F82C7CB41F00F68D9F /* APIService.swift */,
				4C5DC9FA2C7CB45B00F68D9F /* AuthServices.swift */,
				4C6E17372C7EA61D0044A4BF /* APIError.swift */,
			);
			path = Services;
			sourceTree = "<group>";
		};
/* End PBXGroup section */

/* Begin PBXNativeTarget section */
		4CFD0E412C77744D00F793B9 /* TesteAPI */ = {
			isa = PBXNativeTarget;
			buildConfigurationList = 4CFD0E502C77744E00F793B9 /* Build configuration list for PBXNativeTarget "TesteAPI" */;
			buildPhases = (
				4CFD0E3E2C77744D00F793B9 /* Sources */,
				4CFD0E3F2C77744D00F793B9 /* Frameworks */,
				4CFD0E402C77744D00F793B9 /* Resources */,
			);
			buildRules = (
			);
			dependencies = (
			);
			name = TesteAPI;
			productName = TesteAPI;
			productReference = 4CFD0E422C77744D00F793B9 /* TesteAPI.app */;
			productType = "com.apple.product-type.application";
		};
/* End PBXNativeTarget section */

/* Begin PBXProject section */
		4CFD0E3A2C77744D00F793B9 /* Project object */ = {
			isa = PBXProject;
			attributes = {
				BuildIndependentTargetsInParallel = 1;
				LastSwiftUpdateCheck = 1530;
				LastUpgradeCheck = 1530;
				TargetAttributes = {
					4CFD0E412C77744D00F793B9 = {
						CreatedOnToolsVersion = 15.3;
					};
				};
			};
			buildConfigurationList = 4CFD0E3D2C77744D00F793B9 /* Build configuration list for PBXProject "TesteAPI" */;
			compatibilityVersion = "Xcode 14.0";
			developmentRegion = en;
			hasScannedForEncodings = 0;
			knownRegions = (
				en,
				Base,
			);
			mainGroup = 4CFD0E392C77744D00F793B9;
			productRefGroup = 4CFD0E432C77744D00F793B9 /* Products */;
			projectDirPath = "";
			projectRoot = "";
			targets = (
				4CFD0E412C77744D00F793B9 /* TesteAPI */,
			);
		};
/* End PBXProject section */

/* Begin PBXResourcesBuildPhase section */
		4CFD0E402C77744D00F793B9 /* Resources */ = {
			isa = PBXResourcesBuildPhase;
			buildActionMask = 2147483647;
			files = (
				4CFD0E4D2C77744E00F793B9 /* Preview Assets.xcassets in Resources */,
				4CFD0E4A2C77744E00F793B9 /* Assets.xcassets in Resources */,
			);
			runOnlyForDeploymentPostprocessing = 0;
		};
/* End PBXResourcesBuildPhase section */

/* Begin PBXSourcesBuildPhase section */
		4CFD0E3E2C77744D00F793B9 /* Sources */ = {
			isa = PBXSourcesBuildPhase;
			buildActionMask = 2147483647;
			files = (
				4C5DC9FF2C7CB4DA00F68D9F /* NetworkError.swift in Sources */,
				35F487AA2C83556600B6E1FC /* LogoutButton.swift in Sources */,
				4C5D281F2C809C7000EA797F /* Session.swift in Sources */,
				4C5DC9FB2C7CB45B00F68D9F /* AuthServices.swift in Sources */,
				355272B82C81E9B400FDC8DE /* ChatButton.swift in Sources */,
				355272C02C81EC6500FDC8DE /* UserInfo.swift in Sources */,
				35F487AE2C8392B800B6E1FC /* ContinueButton.swift in Sources */,
				353E56FA2C84F6E700FA5283 /* AllowButton.swift in Sources */,
				355272BC2C81EB4800FDC8DE /* PerfilView.swift in Sources */,
				4CFD0E6E2C77B5C200F793B9 /* HomeView.swift in Sources */,
				4CFD0E482C77744D00F793B9 /* ContentView.swift in Sources */,
				35E20FEC2C83BD4400029E48 /* LoginViewUI.swift in Sources */,
				4C6E17362C7EA5790044A4BF /* AuthViewModel.swift in Sources */,
				4CFD0E462C77744D00F793B9 /* TesteAPIApp.swift in Sources */,
				35F487AC2C8364F800B6E1FC /* WelcomeAnimation.swift in Sources */,
				355272B42C81E8CE00FDC8DE /* TaskPerfil.swift in Sources */,
				4C5DCA102C7CCA5C00F68D9F /* CustomTextField.swift in Sources */,
				4C5DCA0C2C7CC97D00F68D9F /* CustomButton.swift in Sources */,
				4C5DC9F92C7CB41F00F68D9F /* APIService.swift in Sources */,
				353E56F62C84F4DA00FA5283 /* OnboardView.swift in Sources */,
				355272BE2C81EBE100FDC8DE /* PostView.swift in Sources */,
				355272B62C81E96200FDC8DE /* FollowButton.swift in Sources */,
				4C6E17382C7EA61D0044A4BF /* APIError.swift in Sources */,
				4C5DCA072C7CB5C700F68D9F /* keychainManager.swift in Sources */,
				4C5D28212C809C8400EA797F /* UserCreate.swift in Sources */,
				355272BA2C81EB0D00FDC8DE /* FeedGrid.swift in Sources */,
				4CFD0E742C77C22A00F793B9 /* SignupView.swift in Sources */,
				4C2B0E782C7FC5DA005F124B /* User.swift in Sources */,
			);
			runOnlyForDeploymentPostprocessing = 0;
		};
/* End PBXSourcesBuildPhase section */

/* Begin XCBuildConfiguration section */
		4CFD0E4E2C77744E00F793B9 /* Debug */ = {
			isa = XCBuildConfiguration;
			buildSettings = {
				ALWAYS_SEARCH_USER_PATHS = NO;
				ASSETCATALOG_COMPILER_GENERATE_SWIFT_ASSET_SYMBOL_EXTENSIONS = YES;
				CLANG_ANALYZER_NONNULL = YES;
				CLANG_ANALYZER_NUMBER_OBJECT_CONVERSION = YES_AGGRESSIVE;
				CLANG_CXX_LANGUAGE_STANDARD = "gnu++20";
				CLANG_ENABLE_MODULES = YES;
				CLANG_ENABLE_OBJC_ARC = YES;
				CLANG_ENABLE_OBJC_WEAK = YES;
				CLANG_WARN_BLOCK_CAPTURE_AUTORELEASING = YES;
				CLANG_WARN_BOOL_CONVERSION = YES;
				CLANG_WARN_COMMA = YES;
				CLANG_WARN_CONSTANT_CONVERSION = YES;
				CLANG_WARN_DEPRECATED_OBJC_IMPLEMENTATIONS = YES;
				CLANG_WARN_DIRECT_OBJC_ISA_USAGE = YES_ERROR;
				CLANG_WARN_DOCUMENTATION_COMMENTS = YES;
				CLANG_WARN_EMPTY_BODY = YES;
				CLANG_WARN_ENUM_CONVERSION = YES;
				CLANG_WARN_INFINITE_RECURSION = YES;
				CLANG_WARN_INT_CONVERSION = YES;
				CLANG_WARN_NON_LITERAL_NULL_CONVERSION = YES;
				CLANG_WARN_OBJC_IMPLICIT_RETAIN_SELF = YES;
				CLANG_WARN_OBJC_LITERAL_CONVERSION = YES;
				CLANG_WARN_OBJC_ROOT_CLASS = YES_ERROR;
				CLANG_WARN_QUOTED_INCLUDE_IN_FRAMEWORK_HEADER = YES;
				CLANG_WARN_RANGE_LOOP_ANALYSIS = YES;
				CLANG_WARN_STRICT_PROTOTYPES = YES;
				CLANG_WARN_SUSPICIOUS_MOVE = YES;
				CLANG_WARN_UNGUARDED_AVAILABILITY = YES_AGGRESSIVE;
				CLANG_WARN_UNREACHABLE_CODE = YES;
				CLANG_WARN__DUPLICATE_METHOD_MATCH = YES;
				COPY_PHASE_STRIP = NO;
				DEBUG_INFORMATION_FORMAT = dwarf;
				ENABLE_STRICT_OBJC_MSGSEND = YES;
				ENABLE_TESTABILITY = YES;
				ENABLE_USER_SCRIPT_SANDBOXING = YES;
				GCC_C_LANGUAGE_STANDARD = gnu17;
				GCC_DYNAMIC_NO_PIC = NO;
				GCC_NO_COMMON_BLOCKS = YES;
				GCC_OPTIMIZATION_LEVEL = 0;
				GCC_PREPROCESSOR_DEFINITIONS = (
					"DEBUG=1",
					"$(inherited)",
				);
				GCC_WARN_64_TO_32_BIT_CONVERSION = YES;
				GCC_WARN_ABOUT_RETURN_TYPE = YES_ERROR;
				GCC_WARN_UNDECLARED_SELECTOR = YES;
				GCC_WARN_UNINITIALIZED_AUTOS = YES_AGGRESSIVE;
				GCC_WARN_UNUSED_FUNCTION = YES;
				GCC_WARN_UNUSED_VARIABLE = YES;
				IPHONEOS_DEPLOYMENT_TARGET = 17.4;
				LOCALIZATION_PREFERS_STRING_CATALOGS = YES;
				MTL_ENABLE_DEBUG_INFO = INCLUDE_SOURCE;
				MTL_FAST_MATH = YES;
				ONLY_ACTIVE_ARCH = YES;
				SDKROOT = iphoneos;
				SWIFT_ACTIVE_COMPILATION_CONDITIONS = "DEBUG $(inherited)";
				SWIFT_OPTIMIZATION_LEVEL = "-Onone";
			};
			name = Debug;
		};
		4CFD0E4F2C77744E00F793B9 /* Release */ = {
			isa = XCBuildConfiguration;
			buildSettings = {
				ALWAYS_SEARCH_USER_PATHS = NO;
				ASSETCATALOG_COMPILER_GENERATE_SWIFT_ASSET_SYMBOL_EXTENSIONS = YES;
				CLANG_ANALYZER_NONNULL = YES;
				CLANG_ANALYZER_NUMBER_OBJECT_CONVERSION = YES_AGGRESSIVE;
				CLANG_CXX_LANGUAGE_STANDARD = "gnu++20";
				CLANG_ENABLE_MODULES = YES;
				CLANG_ENABLE_OBJC_ARC = YES;
				CLANG_ENABLE_OBJC_WEAK = YES;
				CLANG_WARN_BLOCK_CAPTURE_AUTORELEASING = YES;
				CLANG_WARN_BOOL_CONVERSION = YES;
				CLANG_WARN_COMMA = YES;
				CLANG_WARN_CONSTANT_CONVERSION = YES;
				CLANG_WARN_DEPRECATED_OBJC_IMPLEMENTATIONS = YES;
				CLANG_WARN_DIRECT_OBJC_ISA_USAGE = YES_ERROR;
				CLANG_WARN_DOCUMENTATION_COMMENTS = YES;
				CLANG_WARN_EMPTY_BODY = YES;
				CLANG_WARN_ENUM_CONVERSION = YES;
				CLANG_WARN_INFINITE_RECURSION = YES;
				CLANG_WARN_INT_CONVERSION = YES;
				CLANG_WARN_NON_LITERAL_NULL_CONVERSION = YES;
				CLANG_WARN_OBJC_IMPLICIT_RETAIN_SELF = YES;
				CLANG_WARN_OBJC_LITERAL_CONVERSION = YES;
				CLANG_WARN_OBJC_ROOT_CLASS = YES_ERROR;
				CLANG_WARN_QUOTED_INCLUDE_IN_FRAMEWORK_HEADER = YES;
				CLANG_WARN_RANGE_LOOP_ANALYSIS = YES;
				CLANG_WARN_STRICT_PROTOTYPES = YES;
				CLANG_WARN_SUSPICIOUS_MOVE = YES;
				CLANG_WARN_UNGUARDED_AVAILABILITY = YES_AGGRESSIVE;
				CLANG_WARN_UNREACHABLE_CODE = YES;
				CLANG_WARN__DUPLICATE_METHOD_MATCH = YES;
				COPY_PHASE_STRIP = NO;
				DEBUG_INFORMATION_FORMAT = "dwarf-with-dsym";
				ENABLE_NS_ASSERTIONS = NO;
				ENABLE_STRICT_OBJC_MSGSEND = YES;
				ENABLE_USER_SCRIPT_SANDBOXING = YES;
				GCC_C_LANGUAGE_STANDARD = gnu17;
				GCC_NO_COMMON_BLOCKS = YES;
				GCC_WARN_64_TO_32_BIT_CONVERSION = YES;
				GCC_WARN_ABOUT_RETURN_TYPE = YES_ERROR;
				GCC_WARN_UNDECLARED_SELECTOR = YES;
				GCC_WARN_UNINITIALIZED_AUTOS = YES_AGGRESSIVE;
				GCC_WARN_UNUSED_FUNCTION = YES;
				GCC_WARN_UNUSED_VARIABLE = YES;
				IPHONEOS_DEPLOYMENT_TARGET = 17.4;
				LOCALIZATION_PREFERS_STRING_CATALOGS = YES;
				MTL_ENABLE_DEBUG_INFO = NO;
				MTL_FAST_MATH = YES;
				SDKROOT = iphoneos;
				SWIFT_COMPILATION_MODE = wholemodule;
				VALIDATE_PRODUCT = YES;
			};
			name = Release;
		};
		4CFD0E512C77744E00F793B9 /* Debug */ = {
			isa = XCBuildConfiguration;
			buildSettings = {
				ASSETCATALOG_COMPILER_APPICON_NAME = AppIcon;
				ASSETCATALOG_COMPILER_GLOBAL_ACCENT_COLOR_NAME = AccentColor;
				CODE_SIGN_STYLE = Automatic;
				CURRENT_PROJECT_VERSION = 1;
				DEVELOPMENT_ASSET_PATHS = "\"TesteAPI/Preview Content\"";
				ENABLE_PREVIEWS = YES;
				GENERATE_INFOPLIST_FILE = YES;
				INFOPLIST_KEY_UIApplicationSceneManifest_Generation = YES;
				INFOPLIST_KEY_UIApplicationSupportsIndirectInputEvents = YES;
				INFOPLIST_KEY_UILaunchScreen_Generation = YES;
				INFOPLIST_KEY_UISupportedInterfaceOrientations_iPad = "UIInterfaceOrientationPortrait UIInterfaceOrientationPortraitUpsideDown UIInterfaceOrientationLandscapeLeft UIInterfaceOrientationLandscapeRight";
				INFOPLIST_KEY_UISupportedInterfaceOrientations_iPhone = "UIInterfaceOrientationPortrait UIInterfaceOrientationLandscapeLeft UIInterfaceOrientationLandscapeRight";
				LD_RUNPATH_SEARCH_PATHS = (
					"$(inherited)",
					"@executable_path/Frameworks",
				);
				MARKETING_VERSION = 1.0;
				PRODUCT_BUNDLE_IDENTIFIER = academy.TesteAPI;
				PRODUCT_NAME = "$(TARGET_NAME)";
				SWIFT_EMIT_LOC_STRINGS = YES;
				SWIFT_VERSION = 5.0;
				TARGETED_DEVICE_FAMILY = "1,2";
			};
			name = Debug;
		};
		4CFD0E522C77744E00F793B9 /* Release */ = {
			isa = XCBuildConfiguration;
			buildSettings = {
				ASSETCATALOG_COMPILER_APPICON_NAME = AppIcon;
				ASSETCATALOG_COMPILER_GLOBAL_ACCENT_COLOR_NAME = AccentColor;
				CODE_SIGN_STYLE = Automatic;
				CURRENT_PROJECT_VERSION = 1;
				DEVELOPMENT_ASSET_PATHS = "\"TesteAPI/Preview Content\"";
				ENABLE_PREVIEWS = YES;
				GENERATE_INFOPLIST_FILE = YES;
				INFOPLIST_KEY_UIApplicationSceneManifest_Generation = YES;
				INFOPLIST_KEY_UIApplicationSupportsIndirectInputEvents = YES;
				INFOPLIST_KEY_UILaunchScreen_Generation = YES;
				INFOPLIST_KEY_UISupportedInterfaceOrientations_iPad = "UIInterfaceOrientationPortrait UIInterfaceOrientationPortraitUpsideDown UIInterfaceOrientationLandscapeLeft UIInterfaceOrientationLandscapeRight";
				INFOPLIST_KEY_UISupportedInterfaceOrientations_iPhone = "UIInterfaceOrientationPortrait UIInterfaceOrientationLandscapeLeft UIInterfaceOrientationLandscapeRight";
				LD_RUNPATH_SEARCH_PATHS = (
					"$(inherited)",
					"@executable_path/Frameworks",
				);
				MARKETING_VERSION = 1.0;
				PRODUCT_BUNDLE_IDENTIFIER = academy.TesteAPI;
				PRODUCT_NAME = "$(TARGET_NAME)";
				SWIFT_EMIT_LOC_STRINGS = YES;
				SWIFT_VERSION = 5.0;
				TARGETED_DEVICE_FAMILY = "1,2";
			};
			name = Release;
		};
/* End XCBuildConfiguration section */

/* Begin XCConfigurationList section */
		4CFD0E3D2C77744D00F793B9 /* Build configuration list for PBXProject "TesteAPI" */ = {
			isa = XCConfigurationList;
			buildConfigurations = (
				4CFD0E4E2C77744E00F793B9 /* Debug */,
				4CFD0E4F2C77744E00F793B9 /* Release */,
			);
			defaultConfigurationIsVisible = 0;
			defaultConfigurationName = Release;
		};
		4CFD0E502C77744E00F793B9 /* Build configuration list for PBXNativeTarget "TesteAPI" */ = {
			isa = XCConfigurationList;
			buildConfigurations = (
				4CFD0E512C77744E00F793B9 /* Debug */,
				4CFD0E522C77744E00F793B9 /* Release */,
			);
			defaultConfigurationIsVisible = 0;
			defaultConfigurationName = Release;
		};
/* End XCConfigurationList section */
	};
	rootObject = 4CFD0E3A2C77744D00F793B9 /* Project object */;
}
